{
    "version": 3,
    "terraform_version": "0.11.13",
    "serial": 8,
    "lineage": "0e44f0ed-7222-a40e-24eb-88d19d3488c5",
    "modules": [
        {
            "path": [
                "root"
            ],
            "outputs": {},
            "resources": {},
            "depends_on": []
        },
        {
            "path": [
                "root",
                "dev-api"
            ],
            "outputs": {},
            "resources": {
                "aws_elastic_beanstalk_environment.laravel-dev-api": {
                    "type": "aws_elastic_beanstalk_environment",
                    "depends_on": [],
                    "primary": {
                        "id": "e-vnvsj9ataw",
                        "attributes": {
                            "all_settings.#": "113",
                            "all_settings.1036703857.name": "EvaluationPeriods",
                            "all_settings.1036703857.namespace": "aws:autoscaling:trigger",
                            "all_settings.1036703857.resource": "",
                            "all_settings.1036703857.value": "1",
                            "all_settings.1055035439.name": "RootVolumeType",
                            "all_settings.1055035439.namespace": "aws:autoscaling:launchconfiguration",
                            "all_settings.1055035439.resource": "",
                            "all_settings.1055035439.value": "",
                            "all_settings.1089390662.name": "EnvironmentVariables",
                            "all_settings.1089390662.namespace": "aws:cloudformation:template:parameter",
                            "all_settings.1089390662.resource": "",
                            "all_settings.1089390662.value": "DB_USERNAME=awslaravel,DB_HOST=beanstalk-abs.ckkzpudtbjwv.us-east-2.rds.amazonaws.com,DB_DATABASE=aws_laravel_api,DB_PASSWORD=bingbong",
                            "all_settings.1093784765.name": "ListenerProtocol",
                            "all_settings.1093784765.namespace": "aws:elb:listener:80",
                            "all_settings.1093784765.resource": "",
                            "all_settings.1093784765.value": "HTTP",
                            "all_settings.1105127146.name": "LoadBalancerPortProtocol",
                            "all_settings.1105127146.namespace": "aws:elb:loadbalancer",
                            "all_settings.1105127146.resource": "",
                            "all_settings.1105127146.value": "HTTP",
                            "all_settings.1139450884.name": "memory_limit",
                            "all_settings.1139450884.namespace": "aws:elasticbeanstalk:container:php:phpini",
                            "all_settings.1139450884.resource": "",
                            "all_settings.1139450884.value": "256M",
                            "all_settings.1148368735.name": "ConnectionDrainingEnabled",
                            "all_settings.1148368735.namespace": "aws:elb:policies",
                            "all_settings.1148368735.resource": "",
                            "all_settings.1148368735.value": "false",
                            "all_settings.1152947525.name": "HealthStreamingEnabled",
                            "all_settings.1152947525.namespace": "aws:elasticbeanstalk:cloudwatch:logs:health",
                            "all_settings.1152947525.resource": "",
                            "all_settings.1152947525.value": "false",
                            "all_settings.1225551841.name": "Availability Zones",
                            "all_settings.1225551841.namespace": "aws:autoscaling:asg",
                            "all_settings.1225551841.resource": "",
                            "all_settings.1225551841.value": "Any",
                            "all_settings.1312309504.name": "MinInstancesInService",
                            "all_settings.1312309504.namespace": "aws:autoscaling:updatepolicy:rollingupdate",
                            "all_settings.1312309504.resource": "",
                            "all_settings.1312309504.value": "",
                            "all_settings.1384328253.name": "ELBScheme",
                            "all_settings.1384328253.namespace": "aws:ec2:vpc",
                            "all_settings.1384328253.resource": "",
                            "all_settings.1384328253.value": "public",
                            "all_settings.1487137936.name": "IgnoreHealthCheck",
                            "all_settings.1487137936.namespace": "aws:elasticbeanstalk:command",
                            "all_settings.1487137936.resource": "",
                            "all_settings.1487137936.value": "false",
                            "all_settings.1539976252.name": "ListenerEnabled",
                            "all_settings.1539976252.namespace": "aws:elb:listener:80",
                            "all_settings.1539976252.resource": "",
                            "all_settings.1539976252.value": "true",
                            "all_settings.1584820072.name": "Custom Availability Zones",
                            "all_settings.1584820072.namespace": "aws:autoscaling:asg",
                            "all_settings.1584820072.resource": "",
                            "all_settings.1584820072.value": "",
                            "all_settings.1709622552.name": "LoadBalancerSSLPortProtocol",
                            "all_settings.1709622552.namespace": "aws:elb:loadbalancer",
                            "all_settings.1709622552.resource": "",
                            "all_settings.1709622552.value": "HTTPS",
                            "all_settings.1787584089.name": "VPCId",
                            "all_settings.1787584089.namespace": "aws:ec2:vpc",
                            "all_settings.1787584089.resource": "",
                            "all_settings.1787584089.value": "vpc-0823dc81ea3931e57",
                            "all_settings.1824390401.name": "Notification Topic ARN",
                            "all_settings.1824390401.namespace": "aws:elasticbeanstalk:sns:topics",
                            "all_settings.1824390401.resource": "",
                            "all_settings.1824390401.value": "",
                            "all_settings.1835511052.name": "SSLCertificateId",
                            "all_settings.1835511052.namespace": "aws:elb:listener:80",
                            "all_settings.1835511052.resource": "",
                            "all_settings.1835511052.value": "",
                            "all_settings.1839941942.name": "BlockDeviceMappings",
                            "all_settings.1839941942.namespace": "aws:autoscaling:launchconfiguration",
                            "all_settings.1839941942.resource": "",
                            "all_settings.1839941942.value": "",
                            "all_settings.1853127076.name": "Notification Endpoint",
                            "all_settings.1853127076.namespace": "aws:elasticbeanstalk:sns:topics",
                            "all_settings.1853127076.resource": "",
                            "all_settings.1853127076.value": "",
                            "all_settings.1932615024.name": "UnhealthyThreshold",
                            "all_settings.1932615024.namespace": "aws:elb:healthcheck",
                            "all_settings.1932615024.resource": "",
                            "all_settings.1932615024.value": "5",
                            "all_settings.1949446425.name": "allow_url_fopen",
                            "all_settings.1949446425.namespace": "aws:elasticbeanstalk:container:php:phpini",
                            "all_settings.1949446425.resource": "",
                            "all_settings.1949446425.value": "On",
                            "all_settings.1987231367.name": "AppSource",
                            "all_settings.1987231367.namespace": "aws:cloudformation:template:parameter",
                            "all_settings.1987231367.resource": "",
                            "all_settings.1987231367.value": "http://s3.us-east-2.amazonaws.com/elasticbeanstalk-samples-us-east-2/php-newsample-app.zip",
                            "all_settings.2128368294.name": "max_execution_time",
                            "all_settings.2128368294.namespace": "aws:elasticbeanstalk:container:php:phpini",
                            "all_settings.2128368294.resource": "",
                            "all_settings.2128368294.value": "60",
                            "all_settings.2145095834.name": "InstanceProtocol",
                            "all_settings.2145095834.namespace": "aws:elb:listener:80",
                            "all_settings.2145095834.resource": "",
                            "all_settings.2145095834.value": "HTTP",
                            "all_settings.2207777926.name": "StreamLogs",
                            "all_settings.2207777926.namespace": "aws:elasticbeanstalk:cloudwatch:logs",
                            "all_settings.2207777926.resource": "",
                            "all_settings.2207777926.value": "false",
                            "all_settings.2210680385.name": "LaunchType",
                            "all_settings.2210680385.namespace": "aws:elasticbeanstalk:control",
                            "all_settings.2210680385.resource": "",
                            "all_settings.2210680385.value": "Migration",
                            "all_settings.228594711.name": "InstancePort",
                            "all_settings.228594711.namespace": "aws:elb:listener:443",
                            "all_settings.228594711.resource": "",
                            "all_settings.228594711.value": "80",
                            "all_settings.2293968963.name": "composer_options",
                            "all_settings.2293968963.namespace": "aws:elasticbeanstalk:container:php:phpini",
                            "all_settings.2293968963.resource": "",
                            "all_settings.2293968963.value": "",
                            "all_settings.2360735654.name": "SecurityGroups",
                            "all_settings.2360735654.namespace": "aws:autoscaling:launchconfiguration",
                            "all_settings.2360735654.resource": "",
                            "all_settings.2360735654.value": "sg-067406b2219a15a53",
                            "all_settings.2361522594.name": "DeleteOnTerminate",
                            "all_settings.2361522594.namespace": "aws:elasticbeanstalk:cloudwatch:logs:health",
                            "all_settings.2361522594.resource": "",
                            "all_settings.2361522594.value": "false",
                            "all_settings.2378924418.name": "PreferredStartTime",
                            "all_settings.2378924418.namespace": "aws:elasticbeanstalk:managedactions",
                            "all_settings.2378924418.resource": "",
                            "all_settings.2378924418.value": "",
                            "all_settings.2395212047.name": "IamInstanceProfile",
                            "all_settings.2395212047.namespace": "aws:autoscaling:launchconfiguration",
                            "all_settings.2395212047.resource": "",
                            "all_settings.2395212047.value": "aws-elasticbeanstalk-ec2-role",
                            "all_settings.2396587397.name": "MinSize",
                            "all_settings.2396587397.namespace": "aws:autoscaling:asg",
                            "all_settings.2396587397.resource": "",
                            "all_settings.2396587397.value": "1",
                            "all_settings.2402433859.name": "Period",
                            "all_settings.2402433859.namespace": "aws:autoscaling:trigger",
                            "all_settings.2402433859.resource": "",
                            "all_settings.2402433859.value": "5",
                            "all_settings.240742627.name": "UpperBreachScaleIncrement",
                            "all_settings.240742627.namespace": "aws:autoscaling:trigger",
                            "all_settings.240742627.resource": "",
                            "all_settings.240742627.value": "1",
                            "all_settings.2436131110.name": "display_errors",
                            "all_settings.2436131110.namespace": "aws:elasticbeanstalk:container:php:phpini",
                            "all_settings.2436131110.resource": "",
                            "all_settings.2436131110.value": "Off",
                            "all_settings.2492456712.name": "LogPublicationControl",
                            "all_settings.2492456712.namespace": "aws:elasticbeanstalk:hostmanager",
                            "all_settings.2492456712.resource": "",
                            "all_settings.2492456712.value": "false",
                            "all_settings.2521334252.name": "InstanceRefreshEnabled",
                            "all_settings.2521334252.namespace": "aws:elasticbeanstalk:managedactions:platformupdate",
                            "all_settings.2521334252.resource": "",
                            "all_settings.2521334252.value": "false",
                            "all_settings.2542474489.name": "LoadBalancerType",
                            "all_settings.2542474489.namespace": "aws:elasticbeanstalk:environment",
                            "all_settings.2542474489.resource": "",
                            "all_settings.2542474489.value": "classic",
                            "all_settings.2558821935.name": "PauseTime",
                            "all_settings.2558821935.namespace": "aws:autoscaling:updatepolicy:rollingupdate",
                            "all_settings.2558821935.resource": "",
                            "all_settings.2558821935.value": "",
                            "all_settings.2578083670.name": "InstancePort",
                            "all_settings.2578083670.namespace": "aws:cloudformation:template:parameter",
                            "all_settings.2578083670.resource": "",
                            "all_settings.2578083670.value": "80",
                            "all_settings.2740661437.name": "InstanceTypeFamily",
                            "all_settings.2740661437.namespace": "aws:cloudformation:template:parameter",
                            "all_settings.2740661437.resource": "",
                            "all_settings.2740661437.value": "t2",
                            "all_settings.2740996235.name": "PolicyNames",
                            "all_settings.2740996235.namespace": "aws:elb:listener:443",
                            "all_settings.2740996235.resource": "",
                            "all_settings.2740996235.value": "",
                            "all_settings.2824564098.name": "RollingUpdateType",
                            "all_settings.2824564098.namespace": "aws:autoscaling:updatepolicy:rollingupdate",
                            "all_settings.2824564098.resource": "",
                            "all_settings.2824564098.value": "Time",
                            "all_settings.28260639.name": "Application Healthcheck URL",
                            "all_settings.28260639.namespace": "aws:elasticbeanstalk:application",
                            "all_settings.28260639.resource": "",
                            "all_settings.28260639.value": "",
                            "all_settings.2827474164.name": "ConnectionSettingIdleTimeout",
                            "all_settings.2827474164.namespace": "aws:elb:policies",
                            "all_settings.2827474164.resource": "",
                            "all_settings.2827474164.value": "60",
                            "all_settings.285213017.name": "PolicyNames",
                            "all_settings.285213017.namespace": "aws:elb:listener:80",
                            "all_settings.285213017.resource": "",
                            "all_settings.285213017.value": "",
                            "all_settings.2895264217.name": "ListenerEnabled",
                            "all_settings.2895264217.namespace": "aws:elb:listener:443",
                            "all_settings.2895264217.resource": "",
                            "all_settings.2895264217.value": "true",
                            "all_settings.2929485696.name": "EnvironmentType",
                            "all_settings.2929485696.namespace": "aws:elasticbeanstalk:environment",
                            "all_settings.2929485696.resource": "",
                            "all_settings.2929485696.value": "LoadBalanced",
                            "all_settings.2941050488.name": "InstanceProtocol",
                            "all_settings.2941050488.namespace": "aws:elb:listener:443",
                            "all_settings.2941050488.resource": "",
                            "all_settings.2941050488.value": "HTTP",
                            "all_settings.2960551764.name": "document_root",
                            "all_settings.2960551764.namespace": "aws:elasticbeanstalk:container:php:phpini",
                            "all_settings.2960551764.resource": "",
                            "all_settings.2960551764.value": "/public",
                            "all_settings.3007260544.name": "AssociatePublicIpAddress",
                            "all_settings.3007260544.namespace": "aws:ec2:vpc",
                            "all_settings.3007260544.resource": "",
                            "all_settings.3007260544.value": "true",
                            "all_settings.3028455964.name": "zlib.output_compression",
                            "all_settings.3028455964.namespace": "aws:elasticbeanstalk:container:php:phpini",
                            "all_settings.3028455964.resource": "",
                            "all_settings.3028455964.value": "Off",
                            "all_settings.304444642.name": "ConnectionDrainingTimeout",
                            "all_settings.304444642.namespace": "aws:elb:policies",
                            "all_settings.304444642.resource": "",
                            "all_settings.304444642.value": "20",
                            "all_settings.3111731957.name": "InstanceType",
                            "all_settings.3111731957.namespace": "aws:autoscaling:launchconfiguration",
                            "all_settings.3111731957.resource": "",
                            "all_settings.3111731957.value": "t2.micro",
                            "all_settings.3163218702.name": "Interval",
                            "all_settings.3163218702.namespace": "aws:elb:healthcheck",
                            "all_settings.3163218702.resource": "",
                            "all_settings.3163218702.value": "10",
                            "all_settings.3241535621.name": "DB_HOST",
                            "all_settings.3241535621.namespace": "aws:elasticbeanstalk:application:environment",
                            "all_settings.3241535621.resource": "",
                            "all_settings.3241535621.value": "beanstalk-abs.ckkzpudtbjwv.us-east-2.rds.amazonaws.com",
                            "all_settings.3243179558.name": "ExternalExtensionsS3Key",
                            "all_settings.3243179558.namespace": "aws:elasticbeanstalk:environment",
                            "all_settings.3243179558.resource": "",
                            "all_settings.3243179558.value": "",
                            "all_settings.3253225752.name": "DB_USERNAME",
                            "all_settings.3253225752.namespace": "aws:elasticbeanstalk:application:environment",
                            "all_settings.3253225752.resource": "",
                            "all_settings.3253225752.value": "awslaravel",
                            "all_settings.3263411188.name": "RootVolumeIOPS",
                            "all_settings.3263411188.namespace": "aws:autoscaling:launchconfiguration",
                            "all_settings.3263411188.resource": "",
                            "all_settings.3263411188.value": "",
                            "all_settings.3305636593.name": "UpperThreshold",
                            "all_settings.3305636593.namespace": "aws:autoscaling:trigger",
                            "all_settings.3305636593.resource": "",
                            "all_settings.3305636593.value": "6000000",
                            "all_settings.3334874421.name": "RollingUpdateEnabled",
                            "all_settings.3334874421.namespace": "aws:autoscaling:updatepolicy:rollingupdate",
                            "all_settings.3334874421.resource": "",
                            "all_settings.3334874421.value": "false",
                            "all_settings.3354438189.name": "Timeout",
                            "all_settings.3354438189.namespace": "aws:autoscaling:updatepolicy:rollingupdate",
                            "all_settings.3354438189.resource": "",
                            "all_settings.3354438189.value": "PT30M",
                            "all_settings.3386309529.name": "EC2KeyName",
                            "all_settings.3386309529.namespace": "aws:autoscaling:launchconfiguration",
                            "all_settings.3386309529.resource": "",
                            "all_settings.3386309529.value": "aws_ohio",
                            "all_settings.3396910454.name": "HealthCheckSuccessThreshold",
                            "all_settings.3396910454.namespace": "aws:elasticbeanstalk:healthreporting:system",
                            "all_settings.3396910454.resource": "",
                            "all_settings.3396910454.value": "Ok",
                            "all_settings.3402994671.name": "Statistic",
                            "all_settings.3402994671.namespace": "aws:autoscaling:trigger",
                            "all_settings.3402994671.resource": "",
                            "all_settings.3402994671.value": "Average",
                            "all_settings.3438018982.name": "MonitoringInterval",
                            "all_settings.3438018982.namespace": "aws:autoscaling:launchconfiguration",
                            "all_settings.3438018982.resource": "",
                            "all_settings.3438018982.value": "5 minute",
                            "all_settings.3450082806.name": "DeleteOnTerminate",
                            "all_settings.3450082806.namespace": "aws:elasticbeanstalk:cloudwatch:logs",
                            "all_settings.3450082806.resource": "",
                            "all_settings.3450082806.value": "false",
                            "all_settings.3496875314.name": "LowerThreshold",
                            "all_settings.3496875314.namespace": "aws:autoscaling:trigger",
                            "all_settings.3496875314.resource": "",
                            "all_settings.3496875314.value": "2000000",
                            "all_settings.3502087315.name": "CrossZone",
                            "all_settings.3502087315.namespace": "aws:elb:loadbalancer",
                            "all_settings.3502087315.resource": "",
                            "all_settings.3502087315.value": "false",
                            "all_settings.3511459446.name": "RootVolumeSize",
                            "all_settings.3511459446.namespace": "aws:autoscaling:launchconfiguration",
                            "all_settings.3511459446.resource": "",
                            "all_settings.3511459446.value": "",
                            "all_settings.3521293720.name": "ServiceRole",
                            "all_settings.3521293720.namespace": "aws:elasticbeanstalk:environment",
                            "all_settings.3521293720.resource": "",
                            "all_settings.3521293720.value": "AWSServiceRoleForElasticBeanstalk",
                            "all_settings.3545041252.name": "Unit",
                            "all_settings.3545041252.namespace": "aws:autoscaling:trigger",
                            "all_settings.3545041252.resource": "",
                            "all_settings.3545041252.value": "Bytes",
                            "all_settings.3578234322.name": "SystemType",
                            "all_settings.3578234322.namespace": "aws:elasticbeanstalk:healthreporting:system",
                            "all_settings.3578234322.resource": "",
                            "all_settings.3578234322.value": "basic",
                            "all_settings.3584475532.name": "Notification Topic Name",
                            "all_settings.3584475532.namespace": "aws:elasticbeanstalk:sns:topics",
                            "all_settings.3584475532.resource": "",
                            "all_settings.3584475532.value": "",
                            "all_settings.3603622424.name": "ManagedActionsEnabled",
                            "all_settings.3603622424.namespace": "aws:elasticbeanstalk:managedactions",
                            "all_settings.3603622424.resource": "",
                            "all_settings.3603622424.value": "false",
                            "all_settings.3615478791.name": "MaxBatchSize",
                            "all_settings.3615478791.namespace": "aws:autoscaling:updatepolicy:rollingupdate",
                            "all_settings.3615478791.resource": "",
                            "all_settings.3615478791.value": "",
                            "all_settings.3615826456.name": "ExternalExtensionsS3Bucket",
                            "all_settings.3615826456.namespace": "aws:elasticbeanstalk:environment",
                            "all_settings.3615826456.resource": "",
                            "all_settings.3615826456.value": "",
                            "all_settings.3635985988.name": "ImageId",
                            "all_settings.3635985988.namespace": "aws:autoscaling:launchconfiguration",
                            "all_settings.3635985988.resource": "",
                            "all_settings.3635985988.value": "ami-0f7d6f601d7f1ce37",
                            "all_settings.3648591417.name": "Cooldown",
                            "all_settings.3648591417.namespace": "aws:autoscaling:asg",
                            "all_settings.3648591417.resource": "",
                            "all_settings.3648591417.value": "360",
                            "all_settings.3676636476.name": "ListenerProtocol",
                            "all_settings.3676636476.namespace": "aws:elb:listener:443",
                            "all_settings.3676636476.resource": "",
                            "all_settings.3676636476.value": "HTTPS",
                            "all_settings.3705073300.name": "Notification Protocol",
                            "all_settings.3705073300.namespace": "aws:elasticbeanstalk:sns:topics",
                            "all_settings.3705073300.resource": "",
                            "all_settings.3705073300.value": "email",
                            "all_settings.3708017666.name": "LowerBreachScaleIncrement",
                            "all_settings.3708017666.namespace": "aws:autoscaling:trigger",
                            "all_settings.3708017666.resource": "",
                            "all_settings.3708017666.value": "-1",
                            "all_settings.3709650670.name": "SSLCertificateId",
                            "all_settings.3709650670.namespace": "aws:elb:listener:443",
                            "all_settings.3709650670.resource": "",
                            "all_settings.3709650670.value": "arn:aws:acm:us-east-2:765932995230:certificate/ef99422d-0d79-4666-a1ba-e16cb443a963",
                            "all_settings.3768277227.name": "ConfigDocument",
                            "all_settings.3768277227.namespace": "aws:elasticbeanstalk:healthreporting:system",
                            "all_settings.3768277227.resource": "",
                            "all_settings.3768277227.value": "{\"Version\":1,\"CloudWatchMetrics\":{\"Instance\":{\"CPUIrq\":null,\"LoadAverage5min\":null,\"ApplicationRequests5xx\":null,\"ApplicationRequests4xx\":null,\"CPUUser\":null,\"LoadAverage1min\":null,\"ApplicationLatencyP50\":null,\"CPUIdle\":null,\"InstanceHealth\":null,\"ApplicationLatencyP95\":null,\"ApplicationLatencyP85\":null,\"RootFilesystemUtil\":null,\"ApplicationLatencyP90\":null,\"CPUSystem\":null,\"ApplicationLatencyP75\":null,\"CPUSoftirq\":null,\"ApplicationLatencyP10\":null,\"ApplicationLatencyP99\":null,\"ApplicationRequestsTotal\":null,\"ApplicationLatencyP99.9\":null,\"ApplicationRequests3xx\":null,\"ApplicationRequests2xx\":null,\"CPUIowait\":null,\"CPUNice\":null},\"Environment\":{\"InstancesSevere\":null,\"InstancesDegraded\":null,\"ApplicationRequests5xx\":null,\"ApplicationRequests4xx\":null,\"ApplicationLatencyP50\":null,\"ApplicationLatencyP95\":null,\"ApplicationLatencyP85\":null,\"InstancesUnknown\":null,\"ApplicationLatencyP90\":null,\"InstancesInfo\":null,\"InstancesPending\":null,\"ApplicationLatencyP75\":null,\"ApplicationLatencyP10\":null,\"ApplicationLatencyP99\":null,\"ApplicationRequestsTotal\":null,\"InstancesNoData\":null,\"ApplicationLatencyP99.9\":null,\"ApplicationRequests3xx\":null,\"ApplicationRequests2xx\":null,\"InstancesOk\":null,\"InstancesWarning\":null}}}",
                            "all_settings.382820117.name": "DB_DATABASE",
                            "all_settings.382820117.namespace": "aws:elasticbeanstalk:application:environment",
                            "all_settings.382820117.resource": "",
                            "all_settings.382820117.value": "aws_laravel_api",
                            "all_settings.3859948494.name": "RetentionInDays",
                            "all_settings.3859948494.namespace": "aws:elasticbeanstalk:cloudwatch:logs:health",
                            "all_settings.3859948494.resource": "",
                            "all_settings.3859948494.value": "7",
                            "all_settings.38748680.name": "ELBSubnets",
                            "all_settings.38748680.namespace": "aws:ec2:vpc",
                            "all_settings.38748680.resource": "",
                            "all_settings.38748680.value": "subnet-0bc07bde955773603,subnet-0dda3f7d9f76c36d8,subnet-0f2e2e82470305006",
                            "all_settings.3929976136.name": "BatchSize",
                            "all_settings.3929976136.namespace": "aws:elasticbeanstalk:command",
                            "all_settings.3929976136.resource": "",
                            "all_settings.3929976136.value": "100",
                            "all_settings.3961867433.name": "SSLCertificateId",
                            "all_settings.3961867433.namespace": "aws:elb:loadbalancer",
                            "all_settings.3961867433.resource": "",
                            "all_settings.3961867433.value": "",
                            "all_settings.3981805791.name": "Automatically Terminate Unhealthy Instances",
                            "all_settings.3981805791.namespace": "aws:elasticbeanstalk:monitoring",
                            "all_settings.3981805791.resource": "",
                            "all_settings.3981805791.value": "true",
                            "all_settings.4020527343.name": "InstancePort",
                            "all_settings.4020527343.namespace": "aws:elb:listener:80",
                            "all_settings.4020527343.resource": "",
                            "all_settings.4020527343.value": "80",
                            "all_settings.4049442346.name": "MeasureName",
                            "all_settings.4049442346.namespace": "aws:autoscaling:trigger",
                            "all_settings.4049442346.resource": "",
                            "all_settings.4049442346.value": "NetworkOut",
                            "all_settings.4058385718.name": "HooksPkgUrl",
                            "all_settings.4058385718.namespace": "aws:cloudformation:template:parameter",
                            "all_settings.4058385718.resource": "",
                            "all_settings.4058385718.value": "https://s3.dualstack.us-east-2.amazonaws.com/elasticbeanstalk-env-resources-us-east-2/stalks/eb_php_4.0.1.200443.0/lib/assets.tar.gz",
                            "all_settings.4100247781.name": "BreachDuration",
                            "all_settings.4100247781.namespace": "aws:autoscaling:trigger",
                            "all_settings.4100247781.resource": "",
                            "all_settings.4100247781.value": "5",
                            "all_settings.4107770397.name": "Target",
                            "all_settings.4107770397.namespace": "aws:elb:healthcheck",
                            "all_settings.4107770397.resource": "",
                            "all_settings.4107770397.value": "TCP:80",
                            "all_settings.4136940953.name": "UpdateLevel",
                            "all_settings.4136940953.namespace": "aws:elasticbeanstalk:managedactions:platformupdate",
                            "all_settings.4136940953.resource": "",
                            "all_settings.4136940953.value": "",
                            "all_settings.4167503353.name": "LaunchTimeout",
                            "all_settings.4167503353.namespace": "aws:elasticbeanstalk:control",
                            "all_settings.4167503353.resource": "",
                            "all_settings.4167503353.value": "0",
                            "all_settings.4232919657.name": "SecurityGroups",
                            "all_settings.4232919657.namespace": "aws:elb:loadbalancer",
                            "all_settings.4232919657.resource": "",
                            "all_settings.4232919657.value": "",
                            "all_settings.4267362780.name": "Timeout",
                            "all_settings.4267362780.namespace": "aws:elb:healthcheck",
                            "all_settings.4267362780.resource": "",
                            "all_settings.4267362780.value": "5",
                            "all_settings.433110370.name": "DefaultSSHPort",
                            "all_settings.433110370.namespace": "aws:elasticbeanstalk:control",
                            "all_settings.433110370.resource": "",
                            "all_settings.433110370.value": "22",
                            "all_settings.434156941.name": "Subnets",
                            "all_settings.434156941.namespace": "aws:ec2:vpc",
                            "all_settings.434156941.resource": "",
                            "all_settings.434156941.value": "subnet-0bc07bde955773603,subnet-0dda3f7d9f76c36d8,subnet-0f2e2e82470305006",
                            "all_settings.502734328.name": "SSHSourceRestriction",
                            "all_settings.502734328.namespace": "aws:autoscaling:launchconfiguration",
                            "all_settings.502734328.resource": "",
                            "all_settings.502734328.value": "tcp,22,22,0.0.0.0/0",
                            "all_settings.507497186.name": "DB_PASSWORD",
                            "all_settings.507497186.namespace": "aws:elasticbeanstalk:application:environment",
                            "all_settings.507497186.resource": "",
                            "all_settings.507497186.value": "bingbong",
                            "all_settings.59521051.name": "HealthyThreshold",
                            "all_settings.59521051.namespace": "aws:elb:healthcheck",
                            "all_settings.59521051.resource": "",
                            "all_settings.59521051.value": "3",
                            "all_settings.693650251.name": "MaxSize",
                            "all_settings.693650251.namespace": "aws:autoscaling:asg",
                            "all_settings.693650251.resource": "",
                            "all_settings.693650251.value": "4",
                            "all_settings.731293825.name": "LoadBalancerHTTPSPort",
                            "all_settings.731293825.namespace": "aws:elb:loadbalancer",
                            "all_settings.731293825.resource": "",
                            "all_settings.731293825.value": "OFF",
                            "all_settings.747815089.name": "BatchSizeType",
                            "all_settings.747815089.namespace": "aws:elasticbeanstalk:command",
                            "all_settings.747815089.resource": "",
                            "all_settings.747815089.value": "Percentage",
                            "all_settings.784312882.name": "LoadBalancerHTTPPort",
                            "all_settings.784312882.namespace": "aws:elb:loadbalancer",
                            "all_settings.784312882.resource": "",
                            "all_settings.784312882.value": "80",
                            "all_settings.881749867.name": "Timeout",
                            "all_settings.881749867.namespace": "aws:elasticbeanstalk:command",
                            "all_settings.881749867.resource": "",
                            "all_settings.881749867.value": "600",
                            "all_settings.934067176.name": "RetentionInDays",
                            "all_settings.934067176.namespace": "aws:elasticbeanstalk:cloudwatch:logs",
                            "all_settings.934067176.resource": "",
                            "all_settings.934067176.value": "7",
                            "all_settings.940069638.name": "RollbackLaunchOnFailure",
                            "all_settings.940069638.namespace": "aws:elasticbeanstalk:control",
                            "all_settings.940069638.resource": "",
                            "all_settings.940069638.value": "false",
                            "application": "laravel-app",
                            "arn": "arn:aws:elasticbeanstalk:us-east-2:765932995230:environment/laravel-app/laravel-dev-api",
                            "autoscaling_groups.#": "1",
                            "autoscaling_groups.0": "awseb-e-vnvsj9ataw-stack-AWSEBAutoScalingGroup-19VMP35JD2BOT",
                            "cname": "laravel-app-api.us-east-2.elasticbeanstalk.com",
                            "cname_prefix": "laravel-app-api",
                            "description": "",
                            "id": "e-vnvsj9ataw",
                            "instances.#": "1",
                            "instances.0": "i-06c4bd7fb2a2fe348",
                            "launch_configurations.#": "1",
                            "launch_configurations.0": "awseb-e-vnvsj9ataw-stack-AWSEBAutoScalingLaunchConfiguration-1BCNIEUFWI54Q",
                            "load_balancers.#": "1",
                            "load_balancers.0": "awseb-e-v-AWSEBLoa-2MAMKSRJ8LHH",
                            "name": "laravel-dev-api",
                            "platform_arn": "arn:aws:elasticbeanstalk:us-east-2::platform/PHP 7.2 running on 64bit Amazon Linux/2.8.7",
                            "queues.#": "0",
                            "setting.#": "18",
                            "setting.1384328253.name": "ELBScheme",
                            "setting.1384328253.namespace": "aws:ec2:vpc",
                            "setting.1384328253.resource": "",
                            "setting.1384328253.value": "public",
                            "setting.1787584089.name": "VPCId",
                            "setting.1787584089.namespace": "aws:ec2:vpc",
                            "setting.1787584089.resource": "",
                            "setting.1787584089.value": "vpc-0823dc81ea3931e57",
                            "setting.228594711.name": "InstancePort",
                            "setting.228594711.namespace": "aws:elb:listener:443",
                            "setting.228594711.resource": "",
                            "setting.228594711.value": "80",
                            "setting.2360735654.name": "SecurityGroups",
                            "setting.2360735654.namespace": "aws:autoscaling:launchconfiguration",
                            "setting.2360735654.resource": "",
                            "setting.2360735654.value": "sg-067406b2219a15a53",
                            "setting.2395212047.name": "IamInstanceProfile",
                            "setting.2395212047.namespace": "aws:autoscaling:launchconfiguration",
                            "setting.2395212047.resource": "",
                            "setting.2395212047.value": "aws-elasticbeanstalk-ec2-role",
                            "setting.2895264217.name": "ListenerEnabled",
                            "setting.2895264217.namespace": "aws:elb:listener:443",
                            "setting.2895264217.resource": "",
                            "setting.2895264217.value": "true",
                            "setting.2960551764.name": "document_root",
                            "setting.2960551764.namespace": "aws:elasticbeanstalk:container:php:phpini",
                            "setting.2960551764.resource": "",
                            "setting.2960551764.value": "/public",
                            "setting.3007260544.name": "AssociatePublicIpAddress",
                            "setting.3007260544.namespace": "aws:ec2:vpc",
                            "setting.3007260544.resource": "",
                            "setting.3007260544.value": "true",
                            "setting.3111731957.name": "InstanceType",
                            "setting.3111731957.namespace": "aws:autoscaling:launchconfiguration",
                            "setting.3111731957.resource": "",
                            "setting.3111731957.value": "t2.micro",
                            "setting.3241535621.name": "DB_HOST",
                            "setting.3241535621.namespace": "aws:elasticbeanstalk:application:environment",
                            "setting.3241535621.resource": "",
                            "setting.3241535621.value": "beanstalk-abs.ckkzpudtbjwv.us-east-2.rds.amazonaws.com",
                            "setting.3253225752.name": "DB_USERNAME",
                            "setting.3253225752.namespace": "aws:elasticbeanstalk:application:environment",
                            "setting.3253225752.resource": "",
                            "setting.3253225752.value": "awslaravel",
                            "setting.3386309529.name": "EC2KeyName",
                            "setting.3386309529.namespace": "aws:autoscaling:launchconfiguration",
                            "setting.3386309529.resource": "",
                            "setting.3386309529.value": "aws_ohio",
                            "setting.3676636476.name": "ListenerProtocol",
                            "setting.3676636476.namespace": "aws:elb:listener:443",
                            "setting.3676636476.resource": "",
                            "setting.3676636476.value": "HTTPS",
                            "setting.3709650670.name": "SSLCertificateId",
                            "setting.3709650670.namespace": "aws:elb:listener:443",
                            "setting.3709650670.resource": "",
                            "setting.3709650670.value": "arn:aws:acm:us-east-2:765932995230:certificate/ef99422d-0d79-4666-a1ba-e16cb443a963",
                            "setting.382820117.name": "DB_DATABASE",
                            "setting.382820117.namespace": "aws:elasticbeanstalk:application:environment",
                            "setting.382820117.resource": "",
                            "setting.382820117.value": "aws_laravel_api",
                            "setting.38748680.name": "ELBSubnets",
                            "setting.38748680.namespace": "aws:ec2:vpc",
                            "setting.38748680.resource": "",
                            "setting.38748680.value": "subnet-0bc07bde955773603,subnet-0dda3f7d9f76c36d8,subnet-0f2e2e82470305006",
                            "setting.434156941.name": "Subnets",
                            "setting.434156941.namespace": "aws:ec2:vpc",
                            "setting.434156941.resource": "",
                            "setting.434156941.value": "subnet-0bc07bde955773603,subnet-0dda3f7d9f76c36d8,subnet-0f2e2e82470305006",
                            "setting.507497186.name": "DB_PASSWORD",
                            "setting.507497186.namespace": "aws:elasticbeanstalk:application:environment",
                            "setting.507497186.resource": "",
                            "setting.507497186.value": "bingbong",
                            "solution_stack_name": "64bit Amazon Linux 2018.03 v2.8.7 running PHP 7.2",
                            "tags.%": "0",
                            "tier": "WebServer",
                            "triggers.#": "0",
                            "version_label": "",
                            "wait_for_ready_timeout": "20m"
                        },
                        "meta": {
                            "schema_version": "1"
                        },
                        "tainted": false
                    },
                    "deposed": [],
                    "provider": "module.dev-api.provider.aws"
                },
                "aws_route53_record.example_alias": {
                    "type": "aws_route53_record",
                    "depends_on": [
                        "aws_elastic_beanstalk_environment.laravel-dev-api",
                        "data.aws_elastic_beanstalk_hosted_zone.current",
                        "data.aws_route53_zone.example_dns"
                    ],
                    "primary": {
                        "id": "ZUY88KDCY0REW_api.homedup.com._A",
                        "attributes": {
                            "alias.#": "1",
                            "alias.3622772227.evaluate_target_health": "true",
                            "alias.3622772227.name": "laravel-app-api.us-east-2.elasticbeanstalk.com",
                            "alias.3622772227.zone_id": "Z14LCN19Q5QHIC",
                            "fqdn": "api.homedup.com",
                            "id": "ZUY88KDCY0REW_api.homedup.com._A",
                            "name": "api.homedup.com",
                            "type": "A",
                            "zone_id": "ZUY88KDCY0REW"
                        },
                        "meta": {
                            "schema_version": "2"
                        },
                        "tainted": false
                    },
                    "deposed": [],
                    "provider": "module.dev-api.provider.aws"
                },
                "data.aws_elastic_beanstalk_hosted_zone.current": {
                    "type": "aws_elastic_beanstalk_hosted_zone",
                    "depends_on": [],
                    "primary": {
                        "id": "Z14LCN19Q5QHIC",
                        "attributes": {
                            "id": "Z14LCN19Q5QHIC",
                            "region": "us-east-2"
                        },
                        "meta": {},
                        "tainted": false
                    },
                    "deposed": [],
                    "provider": "module.dev-api.provider.aws"
                },
                "data.aws_route53_zone.example_dns": {
                    "type": "aws_route53_zone",
                    "depends_on": [],
                    "primary": {
                        "id": "ZUY88KDCY0REW",
                        "attributes": {
                            "caller_reference": "EAF891E2-60F6-4796-AD24-E284E5947F97",
                            "comment": "from Godaddy",
                            "id": "ZUY88KDCY0REW",
                            "name": "homedup.com.",
                            "name_servers.#": "4",
                            "name_servers.0": "ns-754.awsdns-30.net",
                            "name_servers.1": "ns-296.awsdns-37.com",
                            "name_servers.2": "ns-1682.awsdns-18.co.uk",
                            "name_servers.3": "ns-1187.awsdns-20.org",
                            "private_zone": "false",
                            "resource_record_set_count": "4",
                            "zone_id": "ZUY88KDCY0REW"
                        },
                        "meta": {},
                        "tainted": false
                    },
                    "deposed": [],
                    "provider": "module.dev-api.provider.aws"
                }
            },
            "depends_on": []
        },
        {
            "path": [
                "root",
                "dev-web"
            ],
            "outputs": {},
            "resources": {
                "aws_elastic_beanstalk_environment.laravel-web": {
                    "type": "aws_elastic_beanstalk_environment",
                    "depends_on": [],
                    "primary": {
                        "id": "e-emjwgshqus",
                        "attributes": {
                            "all_settings.#": "116",
                            "all_settings.1036703857.name": "EvaluationPeriods",
                            "all_settings.1036703857.namespace": "aws:autoscaling:trigger",
                            "all_settings.1036703857.resource": "",
                            "all_settings.1036703857.value": "1",
                            "all_settings.1055035439.name": "RootVolumeType",
                            "all_settings.1055035439.namespace": "aws:autoscaling:launchconfiguration",
                            "all_settings.1055035439.resource": "",
                            "all_settings.1055035439.value": "",
                            "all_settings.1093784765.name": "ListenerProtocol",
                            "all_settings.1093784765.namespace": "aws:elb:listener:80",
                            "all_settings.1093784765.resource": "",
                            "all_settings.1093784765.value": "HTTP",
                            "all_settings.1105127146.name": "LoadBalancerPortProtocol",
                            "all_settings.1105127146.namespace": "aws:elb:loadbalancer",
                            "all_settings.1105127146.resource": "",
                            "all_settings.1105127146.value": "HTTP",
                            "all_settings.1139450884.name": "memory_limit",
                            "all_settings.1139450884.namespace": "aws:elasticbeanstalk:container:php:phpini",
                            "all_settings.1139450884.resource": "",
                            "all_settings.1139450884.value": "256M",
                            "all_settings.1148368735.name": "ConnectionDrainingEnabled",
                            "all_settings.1148368735.namespace": "aws:elb:policies",
                            "all_settings.1148368735.resource": "",
                            "all_settings.1148368735.value": "false",
                            "all_settings.1152947525.name": "HealthStreamingEnabled",
                            "all_settings.1152947525.namespace": "aws:elasticbeanstalk:cloudwatch:logs:health",
                            "all_settings.1152947525.resource": "",
                            "all_settings.1152947525.value": "false",
                            "all_settings.1225551841.name": "Availability Zones",
                            "all_settings.1225551841.namespace": "aws:autoscaling:asg",
                            "all_settings.1225551841.resource": "",
                            "all_settings.1225551841.value": "Any",
                            "all_settings.1312309504.name": "MinInstancesInService",
                            "all_settings.1312309504.namespace": "aws:autoscaling:updatepolicy:rollingupdate",
                            "all_settings.1312309504.resource": "",
                            "all_settings.1312309504.value": "",
                            "all_settings.1384328253.name": "ELBScheme",
                            "all_settings.1384328253.namespace": "aws:ec2:vpc",
                            "all_settings.1384328253.resource": "",
                            "all_settings.1384328253.value": "public",
                            "all_settings.1487137936.name": "IgnoreHealthCheck",
                            "all_settings.1487137936.namespace": "aws:elasticbeanstalk:command",
                            "all_settings.1487137936.resource": "",
                            "all_settings.1487137936.value": "false",
                            "all_settings.1539976252.name": "ListenerEnabled",
                            "all_settings.1539976252.namespace": "aws:elb:listener:80",
                            "all_settings.1539976252.resource": "",
                            "all_settings.1539976252.value": "true",
                            "all_settings.1584820072.name": "Custom Availability Zones",
                            "all_settings.1584820072.namespace": "aws:autoscaling:asg",
                            "all_settings.1584820072.resource": "",
                            "all_settings.1584820072.value": "",
                            "all_settings.1709622552.name": "LoadBalancerSSLPortProtocol",
                            "all_settings.1709622552.namespace": "aws:elb:loadbalancer",
                            "all_settings.1709622552.resource": "",
                            "all_settings.1709622552.value": "HTTPS",
                            "all_settings.1786014733.name": "OAUTH_CLIENT_ID",
                            "all_settings.1786014733.namespace": "aws:elasticbeanstalk:application:environment",
                            "all_settings.1786014733.resource": "",
                            "all_settings.1786014733.value": "2",
                            "all_settings.1787584089.name": "VPCId",
                            "all_settings.1787584089.namespace": "aws:ec2:vpc",
                            "all_settings.1787584089.resource": "",
                            "all_settings.1787584089.value": "vpc-0823dc81ea3931e57",
                            "all_settings.1824390401.name": "Notification Topic ARN",
                            "all_settings.1824390401.namespace": "aws:elasticbeanstalk:sns:topics",
                            "all_settings.1824390401.resource": "",
                            "all_settings.1824390401.value": "",
                            "all_settings.1835511052.name": "SSLCertificateId",
                            "all_settings.1835511052.namespace": "aws:elb:listener:80",
                            "all_settings.1835511052.resource": "",
                            "all_settings.1835511052.value": "",
                            "all_settings.1839941942.name": "BlockDeviceMappings",
                            "all_settings.1839941942.namespace": "aws:autoscaling:launchconfiguration",
                            "all_settings.1839941942.resource": "",
                            "all_settings.1839941942.value": "",
                            "all_settings.1853127076.name": "Notification Endpoint",
                            "all_settings.1853127076.namespace": "aws:elasticbeanstalk:sns:topics",
                            "all_settings.1853127076.resource": "",
                            "all_settings.1853127076.value": "",
                            "all_settings.1932615024.name": "UnhealthyThreshold",
                            "all_settings.1932615024.namespace": "aws:elb:healthcheck",
                            "all_settings.1932615024.resource": "",
                            "all_settings.1932615024.value": "5",
                            "all_settings.1949446425.name": "allow_url_fopen",
                            "all_settings.1949446425.namespace": "aws:elasticbeanstalk:container:php:phpini",
                            "all_settings.1949446425.resource": "",
                            "all_settings.1949446425.value": "On",
                            "all_settings.1987231367.name": "AppSource",
                            "all_settings.1987231367.namespace": "aws:cloudformation:template:parameter",
                            "all_settings.1987231367.resource": "",
                            "all_settings.1987231367.value": "http://s3.us-east-2.amazonaws.com/elasticbeanstalk-samples-us-east-2/php-newsample-app.zip",
                            "all_settings.2128368294.name": "max_execution_time",
                            "all_settings.2128368294.namespace": "aws:elasticbeanstalk:container:php:phpini",
                            "all_settings.2128368294.resource": "",
                            "all_settings.2128368294.value": "60",
                            "all_settings.2145095834.name": "InstanceProtocol",
                            "all_settings.2145095834.namespace": "aws:elb:listener:80",
                            "all_settings.2145095834.resource": "",
                            "all_settings.2145095834.value": "HTTP",
                            "all_settings.2207777926.name": "StreamLogs",
                            "all_settings.2207777926.namespace": "aws:elasticbeanstalk:cloudwatch:logs",
                            "all_settings.2207777926.resource": "",
                            "all_settings.2207777926.value": "false",
                            "all_settings.2210680385.name": "LaunchType",
                            "all_settings.2210680385.namespace": "aws:elasticbeanstalk:control",
                            "all_settings.2210680385.resource": "",
                            "all_settings.2210680385.value": "Migration",
                            "all_settings.228594711.name": "InstancePort",
                            "all_settings.228594711.namespace": "aws:elb:listener:443",
                            "all_settings.228594711.resource": "",
                            "all_settings.228594711.value": "80",
                            "all_settings.2293968963.name": "composer_options",
                            "all_settings.2293968963.namespace": "aws:elasticbeanstalk:container:php:phpini",
                            "all_settings.2293968963.resource": "",
                            "all_settings.2293968963.value": "",
                            "all_settings.2360735654.name": "SecurityGroups",
                            "all_settings.2360735654.namespace": "aws:autoscaling:launchconfiguration",
                            "all_settings.2360735654.resource": "",
                            "all_settings.2360735654.value": "sg-067406b2219a15a53",
                            "all_settings.2361522594.name": "DeleteOnTerminate",
                            "all_settings.2361522594.namespace": "aws:elasticbeanstalk:cloudwatch:logs:health",
                            "all_settings.2361522594.resource": "",
                            "all_settings.2361522594.value": "false",
                            "all_settings.2378924418.name": "PreferredStartTime",
                            "all_settings.2378924418.namespace": "aws:elasticbeanstalk:managedactions",
                            "all_settings.2378924418.resource": "",
                            "all_settings.2378924418.value": "",
                            "all_settings.2395212047.name": "IamInstanceProfile",
                            "all_settings.2395212047.namespace": "aws:autoscaling:launchconfiguration",
                            "all_settings.2395212047.resource": "",
                            "all_settings.2395212047.value": "aws-elasticbeanstalk-ec2-role",
                            "all_settings.2396587397.name": "MinSize",
                            "all_settings.2396587397.namespace": "aws:autoscaling:asg",
                            "all_settings.2396587397.resource": "",
                            "all_settings.2396587397.value": "1",
                            "all_settings.2402433859.name": "Period",
                            "all_settings.2402433859.namespace": "aws:autoscaling:trigger",
                            "all_settings.2402433859.resource": "",
                            "all_settings.2402433859.value": "5",
                            "all_settings.240742627.name": "UpperBreachScaleIncrement",
                            "all_settings.240742627.namespace": "aws:autoscaling:trigger",
                            "all_settings.240742627.resource": "",
                            "all_settings.240742627.value": "1",
                            "all_settings.2422662589.name": "OAUTH_CLIENT_SECRET",
                            "all_settings.2422662589.namespace": "aws:elasticbeanstalk:application:environment",
                            "all_settings.2422662589.resource": "",
                            "all_settings.2422662589.value": "Iy3Vphif7nvTphuWf51I5U5rhOo6v7duxrH6aYaQ",
                            "all_settings.2436131110.name": "display_errors",
                            "all_settings.2436131110.namespace": "aws:elasticbeanstalk:container:php:phpini",
                            "all_settings.2436131110.resource": "",
                            "all_settings.2436131110.value": "Off",
                            "all_settings.2492456712.name": "LogPublicationControl",
                            "all_settings.2492456712.namespace": "aws:elasticbeanstalk:hostmanager",
                            "all_settings.2492456712.resource": "",
                            "all_settings.2492456712.value": "false",
                            "all_settings.2502569636.name": "API_URL",
                            "all_settings.2502569636.namespace": "aws:elasticbeanstalk:application:environment",
                            "all_settings.2502569636.resource": "",
                            "all_settings.2502569636.value": "https://api.homedup.com",
                            "all_settings.2521334252.name": "InstanceRefreshEnabled",
                            "all_settings.2521334252.namespace": "aws:elasticbeanstalk:managedactions:platformupdate",
                            "all_settings.2521334252.resource": "",
                            "all_settings.2521334252.value": "false",
                            "all_settings.2542474489.name": "LoadBalancerType",
                            "all_settings.2542474489.namespace": "aws:elasticbeanstalk:environment",
                            "all_settings.2542474489.resource": "",
                            "all_settings.2542474489.value": "classic",
                            "all_settings.2558821935.name": "PauseTime",
                            "all_settings.2558821935.namespace": "aws:autoscaling:updatepolicy:rollingupdate",
                            "all_settings.2558821935.resource": "",
                            "all_settings.2558821935.value": "",
                            "all_settings.2578083670.name": "InstancePort",
                            "all_settings.2578083670.namespace": "aws:cloudformation:template:parameter",
                            "all_settings.2578083670.resource": "",
                            "all_settings.2578083670.value": "80",
                            "all_settings.2740661437.name": "InstanceTypeFamily",
                            "all_settings.2740661437.namespace": "aws:cloudformation:template:parameter",
                            "all_settings.2740661437.resource": "",
                            "all_settings.2740661437.value": "t2",
                            "all_settings.2740996235.name": "PolicyNames",
                            "all_settings.2740996235.namespace": "aws:elb:listener:443",
                            "all_settings.2740996235.resource": "",
                            "all_settings.2740996235.value": "",
                            "all_settings.2824564098.name": "RollingUpdateType",
                            "all_settings.2824564098.namespace": "aws:autoscaling:updatepolicy:rollingupdate",
                            "all_settings.2824564098.resource": "",
                            "all_settings.2824564098.value": "Time",
                            "all_settings.28260639.name": "Application Healthcheck URL",
                            "all_settings.28260639.namespace": "aws:elasticbeanstalk:application",
                            "all_settings.28260639.resource": "",
                            "all_settings.28260639.value": "",
                            "all_settings.2827474164.name": "ConnectionSettingIdleTimeout",
                            "all_settings.2827474164.namespace": "aws:elb:policies",
                            "all_settings.2827474164.resource": "",
                            "all_settings.2827474164.value": "60",
                            "all_settings.285213017.name": "PolicyNames",
                            "all_settings.285213017.namespace": "aws:elb:listener:80",
                            "all_settings.285213017.resource": "",
                            "all_settings.285213017.value": "",
                            "all_settings.2895264217.name": "ListenerEnabled",
                            "all_settings.2895264217.namespace": "aws:elb:listener:443",
                            "all_settings.2895264217.resource": "",
                            "all_settings.2895264217.value": "true",
                            "all_settings.2929485696.name": "EnvironmentType",
                            "all_settings.2929485696.namespace": "aws:elasticbeanstalk:environment",
                            "all_settings.2929485696.resource": "",
                            "all_settings.2929485696.value": "LoadBalanced",
                            "all_settings.2941050488.name": "InstanceProtocol",
                            "all_settings.2941050488.namespace": "aws:elb:listener:443",
                            "all_settings.2941050488.resource": "",
                            "all_settings.2941050488.value": "HTTP",
                            "all_settings.2960551764.name": "document_root",
                            "all_settings.2960551764.namespace": "aws:elasticbeanstalk:container:php:phpini",
                            "all_settings.2960551764.resource": "",
                            "all_settings.2960551764.value": "/public",
                            "all_settings.3007260544.name": "AssociatePublicIpAddress",
                            "all_settings.3007260544.namespace": "aws:ec2:vpc",
                            "all_settings.3007260544.resource": "",
                            "all_settings.3007260544.value": "true",
                            "all_settings.3028455964.name": "zlib.output_compression",
                            "all_settings.3028455964.namespace": "aws:elasticbeanstalk:container:php:phpini",
                            "all_settings.3028455964.resource": "",
                            "all_settings.3028455964.value": "Off",
                            "all_settings.304444642.name": "ConnectionDrainingTimeout",
                            "all_settings.304444642.namespace": "aws:elb:policies",
                            "all_settings.304444642.resource": "",
                            "all_settings.304444642.value": "20",
                            "all_settings.3111731957.name": "InstanceType",
                            "all_settings.3111731957.namespace": "aws:autoscaling:launchconfiguration",
                            "all_settings.3111731957.resource": "",
                            "all_settings.3111731957.value": "t2.micro",
                            "all_settings.3163218702.name": "Interval",
                            "all_settings.3163218702.namespace": "aws:elb:healthcheck",
                            "all_settings.3163218702.resource": "",
                            "all_settings.3163218702.value": "10",
                            "all_settings.3241535621.name": "DB_HOST",
                            "all_settings.3241535621.namespace": "aws:elasticbeanstalk:application:environment",
                            "all_settings.3241535621.resource": "",
                            "all_settings.3241535621.value": "beanstalk-abs.ckkzpudtbjwv.us-east-2.rds.amazonaws.com",
                            "all_settings.3243179558.name": "ExternalExtensionsS3Key",
                            "all_settings.3243179558.namespace": "aws:elasticbeanstalk:environment",
                            "all_settings.3243179558.resource": "",
                            "all_settings.3243179558.value": "",
                            "all_settings.3253225752.name": "DB_USERNAME",
                            "all_settings.3253225752.namespace": "aws:elasticbeanstalk:application:environment",
                            "all_settings.3253225752.resource": "",
                            "all_settings.3253225752.value": "awslaravel",
                            "all_settings.3263411188.name": "RootVolumeIOPS",
                            "all_settings.3263411188.namespace": "aws:autoscaling:launchconfiguration",
                            "all_settings.3263411188.resource": "",
                            "all_settings.3263411188.value": "",
                            "all_settings.3305636593.name": "UpperThreshold",
                            "all_settings.3305636593.namespace": "aws:autoscaling:trigger",
                            "all_settings.3305636593.resource": "",
                            "all_settings.3305636593.value": "6000000",
                            "all_settings.3334874421.name": "RollingUpdateEnabled",
                            "all_settings.3334874421.namespace": "aws:autoscaling:updatepolicy:rollingupdate",
                            "all_settings.3334874421.resource": "",
                            "all_settings.3334874421.value": "false",
                            "all_settings.3354438189.name": "Timeout",
                            "all_settings.3354438189.namespace": "aws:autoscaling:updatepolicy:rollingupdate",
                            "all_settings.3354438189.resource": "",
                            "all_settings.3354438189.value": "PT30M",
                            "all_settings.3386309529.name": "EC2KeyName",
                            "all_settings.3386309529.namespace": "aws:autoscaling:launchconfiguration",
                            "all_settings.3386309529.resource": "",
                            "all_settings.3386309529.value": "aws_ohio",
                            "all_settings.3396910454.name": "HealthCheckSuccessThreshold",
                            "all_settings.3396910454.namespace": "aws:elasticbeanstalk:healthreporting:system",
                            "all_settings.3396910454.resource": "",
                            "all_settings.3396910454.value": "Ok",
                            "all_settings.3402994671.name": "Statistic",
                            "all_settings.3402994671.namespace": "aws:autoscaling:trigger",
                            "all_settings.3402994671.resource": "",
                            "all_settings.3402994671.value": "Average",
                            "all_settings.3438018982.name": "MonitoringInterval",
                            "all_settings.3438018982.namespace": "aws:autoscaling:launchconfiguration",
                            "all_settings.3438018982.resource": "",
                            "all_settings.3438018982.value": "5 minute",
                            "all_settings.3450082806.name": "DeleteOnTerminate",
                            "all_settings.3450082806.namespace": "aws:elasticbeanstalk:cloudwatch:logs",
                            "all_settings.3450082806.resource": "",
                            "all_settings.3450082806.value": "false",
                            "all_settings.3496875314.name": "LowerThreshold",
                            "all_settings.3496875314.namespace": "aws:autoscaling:trigger",
                            "all_settings.3496875314.resource": "",
                            "all_settings.3496875314.value": "2000000",
                            "all_settings.3502087315.name": "CrossZone",
                            "all_settings.3502087315.namespace": "aws:elb:loadbalancer",
                            "all_settings.3502087315.resource": "",
                            "all_settings.3502087315.value": "false",
                            "all_settings.3511459446.name": "RootVolumeSize",
                            "all_settings.3511459446.namespace": "aws:autoscaling:launchconfiguration",
                            "all_settings.3511459446.resource": "",
                            "all_settings.3511459446.value": "",
                            "all_settings.3521293720.name": "ServiceRole",
                            "all_settings.3521293720.namespace": "aws:elasticbeanstalk:environment",
                            "all_settings.3521293720.resource": "",
                            "all_settings.3521293720.value": "AWSServiceRoleForElasticBeanstalk",
                            "all_settings.3545041252.name": "Unit",
                            "all_settings.3545041252.namespace": "aws:autoscaling:trigger",
                            "all_settings.3545041252.resource": "",
                            "all_settings.3545041252.value": "Bytes",
                            "all_settings.3578234322.name": "SystemType",
                            "all_settings.3578234322.namespace": "aws:elasticbeanstalk:healthreporting:system",
                            "all_settings.3578234322.resource": "",
                            "all_settings.3578234322.value": "basic",
                            "all_settings.3584475532.name": "Notification Topic Name",
                            "all_settings.3584475532.namespace": "aws:elasticbeanstalk:sns:topics",
                            "all_settings.3584475532.resource": "",
                            "all_settings.3584475532.value": "",
                            "all_settings.3603622424.name": "ManagedActionsEnabled",
                            "all_settings.3603622424.namespace": "aws:elasticbeanstalk:managedactions",
                            "all_settings.3603622424.resource": "",
                            "all_settings.3603622424.value": "false",
                            "all_settings.3615478791.name": "MaxBatchSize",
                            "all_settings.3615478791.namespace": "aws:autoscaling:updatepolicy:rollingupdate",
                            "all_settings.3615478791.resource": "",
                            "all_settings.3615478791.value": "",
                            "all_settings.3615826456.name": "ExternalExtensionsS3Bucket",
                            "all_settings.3615826456.namespace": "aws:elasticbeanstalk:environment",
                            "all_settings.3615826456.resource": "",
                            "all_settings.3615826456.value": "",
                            "all_settings.3635985988.name": "ImageId",
                            "all_settings.3635985988.namespace": "aws:autoscaling:launchconfiguration",
                            "all_settings.3635985988.resource": "",
                            "all_settings.3635985988.value": "ami-0f7d6f601d7f1ce37",
                            "all_settings.3648591417.name": "Cooldown",
                            "all_settings.3648591417.namespace": "aws:autoscaling:asg",
                            "all_settings.3648591417.resource": "",
                            "all_settings.3648591417.value": "360",
                            "all_settings.3676636476.name": "ListenerProtocol",
                            "all_settings.3676636476.namespace": "aws:elb:listener:443",
                            "all_settings.3676636476.resource": "",
                            "all_settings.3676636476.value": "HTTPS",
                            "all_settings.3705073300.name": "Notification Protocol",
                            "all_settings.3705073300.namespace": "aws:elasticbeanstalk:sns:topics",
                            "all_settings.3705073300.resource": "",
                            "all_settings.3705073300.value": "email",
                            "all_settings.3708017666.name": "LowerBreachScaleIncrement",
                            "all_settings.3708017666.namespace": "aws:autoscaling:trigger",
                            "all_settings.3708017666.resource": "",
                            "all_settings.3708017666.value": "-1",
                            "all_settings.3768277227.name": "ConfigDocument",
                            "all_settings.3768277227.namespace": "aws:elasticbeanstalk:healthreporting:system",
                            "all_settings.3768277227.resource": "",
                            "all_settings.3768277227.value": "{\"Version\":1,\"CloudWatchMetrics\":{\"Instance\":{\"CPUIrq\":null,\"LoadAverage5min\":null,\"ApplicationRequests5xx\":null,\"ApplicationRequests4xx\":null,\"CPUUser\":null,\"LoadAverage1min\":null,\"ApplicationLatencyP50\":null,\"CPUIdle\":null,\"InstanceHealth\":null,\"ApplicationLatencyP95\":null,\"ApplicationLatencyP85\":null,\"RootFilesystemUtil\":null,\"ApplicationLatencyP90\":null,\"CPUSystem\":null,\"ApplicationLatencyP75\":null,\"CPUSoftirq\":null,\"ApplicationLatencyP10\":null,\"ApplicationLatencyP99\":null,\"ApplicationRequestsTotal\":null,\"ApplicationLatencyP99.9\":null,\"ApplicationRequests3xx\":null,\"ApplicationRequests2xx\":null,\"CPUIowait\":null,\"CPUNice\":null},\"Environment\":{\"InstancesSevere\":null,\"InstancesDegraded\":null,\"ApplicationRequests5xx\":null,\"ApplicationRequests4xx\":null,\"ApplicationLatencyP50\":null,\"ApplicationLatencyP95\":null,\"ApplicationLatencyP85\":null,\"InstancesUnknown\":null,\"ApplicationLatencyP90\":null,\"InstancesInfo\":null,\"InstancesPending\":null,\"ApplicationLatencyP75\":null,\"ApplicationLatencyP10\":null,\"ApplicationLatencyP99\":null,\"ApplicationRequestsTotal\":null,\"InstancesNoData\":null,\"ApplicationLatencyP99.9\":null,\"ApplicationRequests3xx\":null,\"ApplicationRequests2xx\":null,\"InstancesOk\":null,\"InstancesWarning\":null}}}",
                            "all_settings.3859948494.name": "RetentionInDays",
                            "all_settings.3859948494.namespace": "aws:elasticbeanstalk:cloudwatch:logs:health",
                            "all_settings.3859948494.resource": "",
                            "all_settings.3859948494.value": "7",
                            "all_settings.38748680.name": "ELBSubnets",
                            "all_settings.38748680.namespace": "aws:ec2:vpc",
                            "all_settings.38748680.resource": "",
                            "all_settings.38748680.value": "subnet-0bc07bde955773603,subnet-0dda3f7d9f76c36d8,subnet-0f2e2e82470305006",
                            "all_settings.3929976136.name": "BatchSize",
                            "all_settings.3929976136.namespace": "aws:elasticbeanstalk:command",
                            "all_settings.3929976136.resource": "",
                            "all_settings.3929976136.value": "100",
                            "all_settings.3961867433.name": "SSLCertificateId",
                            "all_settings.3961867433.namespace": "aws:elb:loadbalancer",
                            "all_settings.3961867433.resource": "",
                            "all_settings.3961867433.value": "",
                            "all_settings.3981805791.name": "Automatically Terminate Unhealthy Instances",
                            "all_settings.3981805791.namespace": "aws:elasticbeanstalk:monitoring",
                            "all_settings.3981805791.resource": "",
                            "all_settings.3981805791.value": "true",
                            "all_settings.4020527343.name": "InstancePort",
                            "all_settings.4020527343.namespace": "aws:elb:listener:80",
                            "all_settings.4020527343.resource": "",
                            "all_settings.4020527343.value": "80",
                            "all_settings.4049442346.name": "MeasureName",
                            "all_settings.4049442346.namespace": "aws:autoscaling:trigger",
                            "all_settings.4049442346.resource": "",
                            "all_settings.4049442346.value": "NetworkOut",
                            "all_settings.4058385718.name": "HooksPkgUrl",
                            "all_settings.4058385718.namespace": "aws:cloudformation:template:parameter",
                            "all_settings.4058385718.resource": "",
                            "all_settings.4058385718.value": "https://s3.dualstack.us-east-2.amazonaws.com/elasticbeanstalk-env-resources-us-east-2/stalks/eb_php_4.0.1.200443.0/lib/assets.tar.gz",
                            "all_settings.4100247781.name": "BreachDuration",
                            "all_settings.4100247781.namespace": "aws:autoscaling:trigger",
                            "all_settings.4100247781.resource": "",
                            "all_settings.4100247781.value": "5",
                            "all_settings.4107770397.name": "Target",
                            "all_settings.4107770397.namespace": "aws:elb:healthcheck",
                            "all_settings.4107770397.resource": "",
                            "all_settings.4107770397.value": "TCP:80",
                            "all_settings.412955985.name": "SSLCertificateId",
                            "all_settings.412955985.namespace": "aws:elb:listener:443",
                            "all_settings.412955985.resource": "",
                            "all_settings.412955985.value": "arn:aws:acm:us-east-2:765932995230:certificate/c3774eea-4d82-40bb-b36f-c64f026f9e7c",
                            "all_settings.4136940953.name": "UpdateLevel",
                            "all_settings.4136940953.namespace": "aws:elasticbeanstalk:managedactions:platformupdate",
                            "all_settings.4136940953.resource": "",
                            "all_settings.4136940953.value": "",
                            "all_settings.4167503353.name": "LaunchTimeout",
                            "all_settings.4167503353.namespace": "aws:elasticbeanstalk:control",
                            "all_settings.4167503353.resource": "",
                            "all_settings.4167503353.value": "0",
                            "all_settings.4232919657.name": "SecurityGroups",
                            "all_settings.4232919657.namespace": "aws:elb:loadbalancer",
                            "all_settings.4232919657.resource": "",
                            "all_settings.4232919657.value": "",
                            "all_settings.4267362780.name": "Timeout",
                            "all_settings.4267362780.namespace": "aws:elb:healthcheck",
                            "all_settings.4267362780.resource": "",
                            "all_settings.4267362780.value": "5",
                            "all_settings.433110370.name": "DefaultSSHPort",
                            "all_settings.433110370.namespace": "aws:elasticbeanstalk:control",
                            "all_settings.433110370.resource": "",
                            "all_settings.433110370.value": "22",
                            "all_settings.434156941.name": "Subnets",
                            "all_settings.434156941.namespace": "aws:ec2:vpc",
                            "all_settings.434156941.resource": "",
                            "all_settings.434156941.value": "subnet-0bc07bde955773603,subnet-0dda3f7d9f76c36d8,subnet-0f2e2e82470305006",
                            "all_settings.502734328.name": "SSHSourceRestriction",
                            "all_settings.502734328.namespace": "aws:autoscaling:launchconfiguration",
                            "all_settings.502734328.resource": "",
                            "all_settings.502734328.value": "tcp,22,22,0.0.0.0/0",
                            "all_settings.507497186.name": "DB_PASSWORD",
                            "all_settings.507497186.namespace": "aws:elasticbeanstalk:application:environment",
                            "all_settings.507497186.resource": "",
                            "all_settings.507497186.value": "bingbong",
                            "all_settings.574024738.name": "DB_DATABASE",
                            "all_settings.574024738.namespace": "aws:elasticbeanstalk:application:environment",
                            "all_settings.574024738.resource": "",
                            "all_settings.574024738.value": "aws_laravel",
                            "all_settings.59521051.name": "HealthyThreshold",
                            "all_settings.59521051.namespace": "aws:elb:healthcheck",
                            "all_settings.59521051.resource": "",
                            "all_settings.59521051.value": "3",
                            "all_settings.693650251.name": "MaxSize",
                            "all_settings.693650251.namespace": "aws:autoscaling:asg",
                            "all_settings.693650251.resource": "",
                            "all_settings.693650251.value": "4",
                            "all_settings.731293825.name": "LoadBalancerHTTPSPort",
                            "all_settings.731293825.namespace": "aws:elb:loadbalancer",
                            "all_settings.731293825.resource": "",
                            "all_settings.731293825.value": "OFF",
                            "all_settings.747815089.name": "BatchSizeType",
                            "all_settings.747815089.namespace": "aws:elasticbeanstalk:command",
                            "all_settings.747815089.resource": "",
                            "all_settings.747815089.value": "Percentage",
                            "all_settings.784312882.name": "LoadBalancerHTTPPort",
                            "all_settings.784312882.namespace": "aws:elb:loadbalancer",
                            "all_settings.784312882.resource": "",
                            "all_settings.784312882.value": "80",
                            "all_settings.881749867.name": "Timeout",
                            "all_settings.881749867.namespace": "aws:elasticbeanstalk:command",
                            "all_settings.881749867.resource": "",
                            "all_settings.881749867.value": "600",
                            "all_settings.909563735.name": "EnvironmentVariables",
                            "all_settings.909563735.namespace": "aws:cloudformation:template:parameter",
                            "all_settings.909563735.resource": "",
                            "all_settings.909563735.value": "API_URL=https://api.homedup.com,DB_USERNAME=awslaravel,OAUTH_CLIENT_SECRET=Iy3Vphif7nvTphuWf51I5U5rhOo6v7duxrH6aYaQ,OAUTH_CLIENT_ID=2,DB_HOST=beanstalk-abs.ckkzpudtbjwv.us-east-2.rds.amazonaws.com,DB_DATABASE=aws_laravel,DB_PASSWORD=bingbong",
                            "all_settings.934067176.name": "RetentionInDays",
                            "all_settings.934067176.namespace": "aws:elasticbeanstalk:cloudwatch:logs",
                            "all_settings.934067176.resource": "",
                            "all_settings.934067176.value": "7",
                            "all_settings.940069638.name": "RollbackLaunchOnFailure",
                            "all_settings.940069638.namespace": "aws:elasticbeanstalk:control",
                            "all_settings.940069638.resource": "",
                            "all_settings.940069638.value": "false",
                            "application": "laravel-app",
                            "arn": "arn:aws:elasticbeanstalk:us-east-2:765932995230:environment/laravel-app/laravel-web",
                            "autoscaling_groups.#": "1",
                            "autoscaling_groups.0": "awseb-e-emjwgshqus-stack-AWSEBAutoScalingGroup-1NDBRO19GOZRU",
                            "cname": "laravel-web.us-east-2.elasticbeanstalk.com",
                            "cname_prefix": "laravel-web",
                            "description": "",
                            "id": "e-emjwgshqus",
                            "instances.#": "1",
                            "instances.0": "i-0fdd25408b2d72592",
                            "launch_configurations.#": "1",
                            "launch_configurations.0": "awseb-e-emjwgshqus-stack-AWSEBAutoScalingLaunchConfiguration-111DSWM66EDHQ",
                            "load_balancers.#": "1",
                            "load_balancers.0": "awseb-e-e-AWSEBLoa-Z0LL04CYO7LY",
                            "name": "laravel-web",
                            "platform_arn": "arn:aws:elasticbeanstalk:us-east-2::platform/PHP 7.2 running on 64bit Amazon Linux/2.8.7",
                            "queues.#": "0",
                            "setting.#": "21",
                            "setting.1384328253.name": "ELBScheme",
                            "setting.1384328253.namespace": "aws:ec2:vpc",
                            "setting.1384328253.resource": "",
                            "setting.1384328253.value": "public",
                            "setting.1786014733.name": "OAUTH_CLIENT_ID",
                            "setting.1786014733.namespace": "aws:elasticbeanstalk:application:environment",
                            "setting.1786014733.resource": "",
                            "setting.1786014733.value": "2",
                            "setting.1787584089.name": "VPCId",
                            "setting.1787584089.namespace": "aws:ec2:vpc",
                            "setting.1787584089.resource": "",
                            "setting.1787584089.value": "vpc-0823dc81ea3931e57",
                            "setting.228594711.name": "InstancePort",
                            "setting.228594711.namespace": "aws:elb:listener:443",
                            "setting.228594711.resource": "",
                            "setting.228594711.value": "80",
                            "setting.2360735654.name": "SecurityGroups",
                            "setting.2360735654.namespace": "aws:autoscaling:launchconfiguration",
                            "setting.2360735654.resource": "",
                            "setting.2360735654.value": "sg-067406b2219a15a53",
                            "setting.2395212047.name": "IamInstanceProfile",
                            "setting.2395212047.namespace": "aws:autoscaling:launchconfiguration",
                            "setting.2395212047.resource": "",
                            "setting.2395212047.value": "aws-elasticbeanstalk-ec2-role",
                            "setting.2422662589.name": "OAUTH_CLIENT_SECRET",
                            "setting.2422662589.namespace": "aws:elasticbeanstalk:application:environment",
                            "setting.2422662589.resource": "",
                            "setting.2422662589.value": "Iy3Vphif7nvTphuWf51I5U5rhOo6v7duxrH6aYaQ",
                            "setting.2502569636.name": "API_URL",
                            "setting.2502569636.namespace": "aws:elasticbeanstalk:application:environment",
                            "setting.2502569636.resource": "",
                            "setting.2502569636.value": "https://api.homedup.com",
                            "setting.2895264217.name": "ListenerEnabled",
                            "setting.2895264217.namespace": "aws:elb:listener:443",
                            "setting.2895264217.resource": "",
                            "setting.2895264217.value": "true",
                            "setting.2960551764.name": "document_root",
                            "setting.2960551764.namespace": "aws:elasticbeanstalk:container:php:phpini",
                            "setting.2960551764.resource": "",
                            "setting.2960551764.value": "/public",
                            "setting.3007260544.name": "AssociatePublicIpAddress",
                            "setting.3007260544.namespace": "aws:ec2:vpc",
                            "setting.3007260544.resource": "",
                            "setting.3007260544.value": "true",
                            "setting.3111731957.name": "InstanceType",
                            "setting.3111731957.namespace": "aws:autoscaling:launchconfiguration",
                            "setting.3111731957.resource": "",
                            "setting.3111731957.value": "t2.micro",
                            "setting.3241535621.name": "DB_HOST",
                            "setting.3241535621.namespace": "aws:elasticbeanstalk:application:environment",
                            "setting.3241535621.resource": "",
                            "setting.3241535621.value": "beanstalk-abs.ckkzpudtbjwv.us-east-2.rds.amazonaws.com",
                            "setting.3253225752.name": "DB_USERNAME",
                            "setting.3253225752.namespace": "aws:elasticbeanstalk:application:environment",
                            "setting.3253225752.resource": "",
                            "setting.3253225752.value": "awslaravel",
                            "setting.3386309529.name": "EC2KeyName",
                            "setting.3386309529.namespace": "aws:autoscaling:launchconfiguration",
                            "setting.3386309529.resource": "",
                            "setting.3386309529.value": "aws_ohio",
                            "setting.3676636476.name": "ListenerProtocol",
                            "setting.3676636476.namespace": "aws:elb:listener:443",
                            "setting.3676636476.resource": "",
                            "setting.3676636476.value": "HTTPS",
                            "setting.38748680.name": "ELBSubnets",
                            "setting.38748680.namespace": "aws:ec2:vpc",
                            "setting.38748680.resource": "",
                            "setting.38748680.value": "subnet-0bc07bde955773603,subnet-0dda3f7d9f76c36d8,subnet-0f2e2e82470305006",
                            "setting.412955985.name": "SSLCertificateId",
                            "setting.412955985.namespace": "aws:elb:listener:443",
                            "setting.412955985.resource": "",
                            "setting.412955985.value": "arn:aws:acm:us-east-2:765932995230:certificate/c3774eea-4d82-40bb-b36f-c64f026f9e7c",
                            "setting.434156941.name": "Subnets",
                            "setting.434156941.namespace": "aws:ec2:vpc",
                            "setting.434156941.resource": "",
                            "setting.434156941.value": "subnet-0bc07bde955773603,subnet-0dda3f7d9f76c36d8,subnet-0f2e2e82470305006",
                            "setting.507497186.name": "DB_PASSWORD",
                            "setting.507497186.namespace": "aws:elasticbeanstalk:application:environment",
                            "setting.507497186.resource": "",
                            "setting.507497186.value": "bingbong",
                            "setting.574024738.name": "DB_DATABASE",
                            "setting.574024738.namespace": "aws:elasticbeanstalk:application:environment",
                            "setting.574024738.resource": "",
                            "setting.574024738.value": "aws_laravel",
                            "solution_stack_name": "64bit Amazon Linux 2018.03 v2.8.7 running PHP 7.2",
                            "tags.%": "0",
                            "tier": "WebServer",
                            "triggers.#": "0",
                            "version_label": "",
                            "wait_for_ready_timeout": "20m"
                        },
                        "meta": {
                            "schema_version": "1"
                        },
                        "tainted": false
                    },
                    "deposed": [],
                    "provider": "module.dev-web.provider.aws"
                },
                "aws_route53_record.example_alias": {
                    "type": "aws_route53_record",
                    "depends_on": [
                        "aws_elastic_beanstalk_environment.laravel-web",
                        "data.aws_elastic_beanstalk_hosted_zone.current",
                        "data.aws_route53_zone.example_dns"
                    ],
                    "primary": {
                        "id": "ZUY88KDCY0REW_www.homedup.com._A",
                        "attributes": {
                            "alias.#": "1",
                            "alias.4145190317.evaluate_target_health": "true",
                            "alias.4145190317.name": "laravel-web.us-east-2.elasticbeanstalk.com",
                            "alias.4145190317.zone_id": "Z14LCN19Q5QHIC",
                            "fqdn": "www.homedup.com",
                            "id": "ZUY88KDCY0REW_www.homedup.com._A",
                            "name": "www.homedup.com",
                            "type": "A",
                            "zone_id": "ZUY88KDCY0REW"
                        },
                        "meta": {
                            "schema_version": "2"
                        },
                        "tainted": false
                    },
                    "deposed": [],
                    "provider": "module.dev-web.provider.aws"
                },
                "data.aws_elastic_beanstalk_hosted_zone.current": {
                    "type": "aws_elastic_beanstalk_hosted_zone",
                    "depends_on": [],
                    "primary": {
                        "id": "Z14LCN19Q5QHIC",
                        "attributes": {
                            "id": "Z14LCN19Q5QHIC",
                            "region": "us-east-2"
                        },
                        "meta": {},
                        "tainted": false
                    },
                    "deposed": [],
                    "provider": "module.dev-web.provider.aws"
                },
                "data.aws_route53_zone.example_dns": {
                    "type": "aws_route53_zone",
                    "depends_on": [],
                    "primary": {
                        "id": "ZUY88KDCY0REW",
                        "attributes": {
                            "caller_reference": "EAF891E2-60F6-4796-AD24-E284E5947F97",
                            "comment": "from Godaddy",
                            "id": "ZUY88KDCY0REW",
                            "name": "homedup.com.",
                            "name_servers.#": "4",
                            "name_servers.0": "ns-754.awsdns-30.net",
                            "name_servers.1": "ns-296.awsdns-37.com",
                            "name_servers.2": "ns-1682.awsdns-18.co.uk",
                            "name_servers.3": "ns-1187.awsdns-20.org",
                            "private_zone": "false",
                            "resource_record_set_count": "4",
                            "zone_id": "ZUY88KDCY0REW"
                        },
                        "meta": {},
                        "tainted": false
                    },
                    "deposed": [],
                    "provider": "module.dev-web.provider.aws"
                }
            },
            "depends_on": []
        }
    ]
}
